
Microsoft Visual Studio Solution File, Format Version 12.00
# Visual Studio Version 17
VisualStudioVersion = 17.3.32922.545
MinimumVisualStudioVersion = 10.0.40219.1
Project("{FAE04EC0-301F-11D3-BF4B-00C04F79EFBC}") = "Classi si wow wowo", "Classi si wow wowo\Classi si wow wowo.csproj", "{1249E85B-BDD9-43C1-8990-8368217F0776}"
EndProject
Global
	GlobalSection(SolutionConfigurationPlatforms) = preSolution
		Debug|Any CPU = Debug|Any CPU
		Release|Any CPU = Release|Any CPU
	EndGlobalSection
	GlobalSection(ProjectConfigurationPlatforms) = postSolution
		{1249E85B-BDD9-43C1-8990-8368217F0776}.Debug|Any CPU.ActiveCfg = Debug|Any CPU
		{1249E85B-BDD9-43C1-8990-8368217F0776}.Debug|Any CPU.Build.0 = Debug|Any CPU
		{1249E85B-BDD9-43C1-8990-8368217F0776}.Release|Any CPU.ActiveCfg = Release|Any CPU
		{1249E85B-BDD9-43C1-8990-8368217F0776}.Release|Any CPU.Build.0 = Release|Any CPU
	EndGlobalSection
	GlobalSection(SolutionProperties) = preSolution
		HideSolutionNode = FALSE
	EndGlobalSection
	GlobalSection(ExtensibilityGlobals) = postSolution
		SolutionGuid = {4329219B-F5CD-41E4-9521-C08497F0C688}
	EndGlobalSection
EndGlobal
